Microsoft Visual Studio Solution File, Format Version 12.00
# Visual Studio Version 16
VisualStudioVersion = 16.0.31613.86
MinimumVisualStudioVersion = 10.0.40219.1
Project("{FAE04EC0-301F-11D3-BF4B-00C04F79EFBC}") = "GPS_QC", "GPS_QC\GPS_QC.csproj", "{D5C73141-EA22-4D0B-B673-B818C0BBEEC9}"
EndProject
Project("{FAE04EC0-301F-11D3-BF4B-00C04F79EFBC}") = "ZedGraph", "zedgraph_source_v4.5.1\source\ZedGraph.csproj", "{998CE547-E905-4931-91B6-5E0439177E7E}"
EndProject
Global
	GlobalSection(SolutionConfigurationPlatforms) = preSolution
		Debug|Any CPU = Debug|Any CPU
		Release|Any CPU = Release|Any CPU
	EndGlobalSection
	GlobalSection(ProjectConfigurationPlatforms) = postSolution
		{D5C73141-EA22-4D0B-B673-B818C0BBEEC9}.Debug|Any CPU.ActiveCfg = Debug|Any CPU
		{D5C73141-EA22-4D0B-B673-B818C0BBEEC9}.Debug|Any CPU.Build.0 = Debug|Any CPU
		{D5C73141-EA22-4D0B-B673-B818C0BBEEC9}.Release|Any CPU.ActiveCfg = Release|Any CPU
		{D5C73141-EA22-4D0B-B673-B818C0BBEEC9}.Release|Any CPU.Build.0 = Release|Any CPU
		{998CE547-E905-4931-91B6-5E0439177E7E}.Debug|Any CPU.ActiveCfg = Debug|Any CPU
		{998CE547-E905-4931-91B6-5E0439177E7E}.Debug|Any CPU.Build.0 = Debug|Any CPU
		{998CE547-E905-4931-91B6-5E0439177E7E}.Release|Any CPU.ActiveCfg = Release|Any CPU
		{998CE547-E905-4931-91B6-5E0439177E7E}.Release|Any CPU.Build.0 = Release|Any CPU
	EndGlobalSection
	GlobalSection(SolutionProperties) = preSolution
		HideSolutionNode = FALSE
	EndGlobalSection
	GlobalSection(ExtensibilityGlobals) = postSolution
		SolutionGuid = {F83EE157-06F6-42B1-9264-6A167E093ECB}
	EndGlobalSection
EndGlobal
